{
  "name": "pdejs",
  "version": "0.0.1",
  "lockfileVersion": 2,
  "requires": true,
  "packages": {
    "": {
      "name": "pdejs",
      "version": "0.0.1",
      "license": "MIT",
      "workspaces": [
        "packages/*",
        "apps/*"
      ],
      "devDependencies": {
        "rimraf": "^3.0.2",
        "turbo": "^1.4.2",
        "typescript": "^4.7.4"
      }
    },
    "node_modules/@pdejs/core": {
      "resolved": "packages/core",
      "link": true
    },
    "node_modules/balanced-match": {
      "version": "1.0.2",
      "resolved": "https://registry.npmjs.org/balanced-match/-/balanced-match-1.0.2.tgz",
      "integrity": "sha512-3oSeUO0TMV67hN1AmbXsK4yaqU7tjiHlbxRDZOpH0KW9+CeX4bRAaX0Anxt0tx2MrpRpWwQaPwIlISEJhYU5Pw==",
      "dev": true
    },
    "node_modules/brace-expansion": {
      "version": "1.1.11",
      "resolved": "https://registry.npmjs.org/brace-expansion/-/brace-expansion-1.1.11.tgz",
      "integrity": "sha512-iCuPHDFgrHX7H2vEI/5xpz07zSHB00TpugqhmYtVmMO6518mCuRMoOYFldEBl0g187ufozdaHgWKcYFb61qGiA==",
      "dev": true,
      "dependencies": {
        "balanced-match": "^1.0.0",
        "concat-map": "0.0.1"
      }
    },
    "node_modules/concat-map": {
      "version": "0.0.1",
      "resolved": "https://registry.npmjs.org/concat-map/-/concat-map-0.0.1.tgz",
      "integrity": "sha512-/Srv4dswyQNBfohGpz9o6Yb3Gz3SrUDqBH5rTuhGR7ahtlbYKnVxw2bCFMRljaA7EXHaXZ8wsHdodFvbkhKmqg==",
      "dev": true
    },
    "node_modules/fs.realpath": {
      "version": "1.0.0",
      "resolved": "https://registry.npmjs.org/fs.realpath/-/fs.realpath-1.0.0.tgz",
      "integrity": "sha512-OO0pH2lK6a0hZnAdau5ItzHPI6pUlvI7jMVnxUQRtw4owF2wk8lOSabtGDCTP4Ggrg2MbGnWO9X8K1t4+fGMDw==",
      "dev": true
    },
    "node_modules/glob": {
      "version": "7.2.3",
      "resolved": "https://registry.npmjs.org/glob/-/glob-7.2.3.tgz",
      "integrity": "sha512-nFR0zLpU2YCaRxwoCJvL6UvCH2JFyFVIvwTLsIf21AuHlMskA1hhTdk+LlYJtOlYt9v6dvszD2BGRqBL+iQK9Q==",
      "dev": true,
      "dependencies": {
        "fs.realpath": "^1.0.0",
        "inflight": "^1.0.4",
        "inherits": "2",
        "minimatch": "^3.1.1",
        "once": "^1.3.0",
        "path-is-absolute": "^1.0.0"
      },
      "engines": {
        "node": "*"
      },
      "funding": {
        "url": "https://github.com/sponsors/isaacs"
      }
    },
    "node_modules/inflight": {
      "version": "1.0.6",
      "resolved": "https://registry.npmjs.org/inflight/-/inflight-1.0.6.tgz",
      "integrity": "sha512-k92I/b08q4wvFscXCLvqfsHCrjrF7yiXsQuIVvVE7N82W3+aqpzuUdBbfhWcy/FZR3/4IgflMgKLOsvPDrGCJA==",
      "dev": true,
      "dependencies": {
        "once": "^1.3.0",
        "wrappy": "1"
      }
    },
    "node_modules/inherits": {
      "version": "2.0.4",
      "resolved": "https://registry.npmjs.org/inherits/-/inherits-2.0.4.tgz",
      "integrity": "sha512-k/vGaX4/Yla3WzyMCvTQOXYeIHvqOKtnqBduzTHpzpQZzAskKMhZ2K+EnBiSM9zGSoIFeMpXKxa4dYeZIQqewQ==",
      "dev": true
    },
    "node_modules/minimatch": {
      "version": "3.1.2",
      "resolved": "https://registry.npmjs.org/minimatch/-/minimatch-3.1.2.tgz",
      "integrity": "sha512-J7p63hRiAjw1NDEww1W7i37+ByIrOWO5XQQAzZ3VOcL0PNybwpfmV/N05zFAzwQ9USyEcX6t3UO+K5aqBQOIHw==",
      "dev": true,
      "dependencies": {
        "brace-expansion": "^1.1.7"
      },
      "engines": {
        "node": "*"
      }
    },
    "node_modules/once": {
      "version": "1.4.0",
      "resolved": "https://registry.npmjs.org/once/-/once-1.4.0.tgz",
      "integrity": "sha512-lNaJgI+2Q5URQBkccEKHTQOPaXdUxnZZElQTZY0MFUAuaEqe1E+Nyvgdz/aIyNi6Z9MzO5dv1H8n58/GELp3+w==",
      "dev": true,
      "dependencies": {
        "wrappy": "1"
      }
    },
    "node_modules/path-is-absolute": {
      "version": "1.0.1",
      "resolved": "https://registry.npmjs.org/path-is-absolute/-/path-is-absolute-1.0.1.tgz",
      "integrity": "sha512-AVbw3UJ2e9bq64vSaS9Am0fje1Pa8pbGqTTsmXfaIiMpnr5DlDhfJOuLj9Sf95ZPVDAUerDfEk88MPmPe7UCQg==",
      "dev": true,
      "engines": {
        "node": ">=0.10.0"
      }
    },
    "node_modules/rimraf": {
      "version": "3.0.2",
      "resolved": "https://registry.npmjs.org/rimraf/-/rimraf-3.0.2.tgz",
      "integrity": "sha512-JZkJMZkAGFFPP2YqXZXPbMlMBgsxzE8ILs4lMIX/2o0L9UBw9O/Y3o6wFw/i9YLapcUJWwqbi3kdxIPdC62TIA==",
      "dev": true,
      "dependencies": {
        "glob": "^7.1.3"
      },
      "bin": {
        "rimraf": "bin.js"
      },
      "funding": {
        "url": "https://github.com/sponsors/isaacs"
      }
    },
    "node_modules/turbo": {
      "version": "1.4.2",
      "resolved": "https://registry.npmjs.org/turbo/-/turbo-1.4.2.tgz",
      "integrity": "sha512-ry1vUs5oHCIM+Sef8HED2XsbL28YAeclCrOtDp9zbZZMUX1r5s01COqOJjFJZfDiv2zSlUge9IIQXprM8BfrtA==",
      "dev": true,
      "hasInstallScript": true,
      "bin": {
        "turbo": "bin/turbo"
      },
      "optionalDependencies": {
        "turbo-android-arm64": "1.4.2",
        "turbo-darwin-64": "1.4.2",
        "turbo-darwin-arm64": "1.4.2",
        "turbo-freebsd-64": "1.4.2",
        "turbo-freebsd-arm64": "1.4.2",
        "turbo-linux-32": "1.4.2",
        "turbo-linux-64": "1.4.2",
        "turbo-linux-arm": "1.4.2",
        "turbo-linux-arm64": "1.4.2",
        "turbo-linux-mips64le": "1.4.2",
        "turbo-linux-ppc64le": "1.4.2",
        "turbo-windows-32": "1.4.2",
        "turbo-windows-64": "1.4.2",
        "turbo-windows-arm64": "1.4.2"
      }
    },
    "node_modules/turbo-android-arm64": {
      "version": "1.4.2",
      "resolved": "https://registry.npmjs.org/turbo-android-arm64/-/turbo-android-arm64-1.4.2.tgz",
      "integrity": "sha512-h6PorJ+muKDQE3wETwrkx3NpqypAxjIFLP3b8RQaAoNvxYa1JTSC71VMtYxMbwuDk58A1KGbXLDteR4by8Lqew==",
      "cpu": [
        "arm64"
      ],
      "dev": true,
      "optional": true,
      "os": [
        "android"
      ]
    },
    "node_modules/turbo-darwin-64": {
      "version": "1.4.2",
      "resolved": "https://registry.npmjs.org/turbo-darwin-64/-/turbo-darwin-64-1.4.2.tgz",
      "integrity": "sha512-HrXRwx+5FuKeR4r2ea2mWO5dImzxG7z987t4xZWytEWJ0gEujln1z1cjwotYU1l2pq8slJS8W3q9Qv3JRMrSkQ==",
      "cpu": [
        "x64"
      ],
      "dev": true,
      "optional": true,
      "os": [
        "darwin"
      ]
    },
    "node_modules/turbo-darwin-arm64": {
      "version": "1.4.2",
      "resolved": "https://registry.npmjs.org/turbo-darwin-arm64/-/turbo-darwin-arm64-1.4.2.tgz",
      "integrity": "sha512-/qkMqq1hdbM/I0gchx08/ZZucgnQVp6gd03tHHYnyG20z8a39f38MbX7+I5aLRpa3pQzBk8RgNx0o7G1T+KvzA==",
      "cpu": [
        "arm64"
      ],
      "dev": true,
      "optional": true,
      "os": [
        "darwin"
      ]
    },
    "node_modules/turbo-freebsd-64": {
      "version": "1.4.2",
      "resolved": "https://registry.npmjs.org/turbo-freebsd-64/-/turbo-freebsd-64-1.4.2.tgz",
      "integrity": "sha512-bZcjR7GxpuE/0qz/aKg4gWDa+6eiuoV0cRnqCJ/rae14/iSmBt0MsMa+lUH5gZUFj581Dj8fQRoBeE+EOau5CA==",
      "cpu": [
        "x64"
      ],
      "dev": true,
      "optional": true,
      "os": [
        "freebsd"
      ]
    },
    "node_modules/turbo-freebsd-arm64": {
      "version": "1.4.2",
      "resolved": "https://registry.npmjs.org/turbo-freebsd-arm64/-/turbo-freebsd-arm64-1.4.2.tgz",
      "integrity": "sha512-dDx++7AELGAHuaMQjzNiKjSPu/xdDelUtRjWOzJWmwXzrgJlwNgQ93p+LYEA7LBWVZ8a32fpBE/VDait0alIJw==",
      "cpu": [
        "arm64"
      ],
      "dev": true,
      "optional": true,
      "os": [
        "freebsd"
      ]
    },
    "node_modules/turbo-linux-32": {
      "version": "1.4.2",
      "resolved": "https://registry.npmjs.org/turbo-linux-32/-/turbo-linux-32-1.4.2.tgz",
      "integrity": "sha512-AAxsEYhgv6x4UXwCoiRe+iL2pd+ArsJQDMgJGsJn+Tb09ca6+i1rTgdOTgcCSyvRwbXt0LYzqXN9zp6FwG6VHQ==",
      "cpu": [
        "ia32"
      ],
      "dev": true,
      "optional": true,
      "os": [
        "linux"
      ]
    },
    "node_modules/turbo-linux-64": {
      "version": "1.4.2",
      "resolved": "https://registry.npmjs.org/turbo-linux-64/-/turbo-linux-64-1.4.2.tgz",
      "integrity": "sha512-t7gGxp1ILmGwzymcf72Lw4Ca916Bi9j2C4xPnJ2CAqxMWQOJKCRvyOuUHC/uy1kFDjR2yszxMb+ZJL6P3nccfA==",
      "cpu": [
        "x64"
      ],
      "dev": true,
      "optional": true,
      "os": [
        "linux"
      ]
    },
    "node_modules/turbo-linux-arm": {
      "version": "1.4.2",
      "resolved": "https://registry.npmjs.org/turbo-linux-arm/-/turbo-linux-arm-1.4.2.tgz",
      "integrity": "sha512-6Rri//bX3wPMa8D0sSie05Xuze+6jTUDt4qsKp+JoQVanUKkKmRaVDpyV4WuFfjDbC5iP4ocN20FeaXenMFxTA==",
      "cpu": [
        "arm"
      ],
      "dev": true,
      "optional": true,
      "os": [
        "linux"
      ]
    },
    "node_modules/turbo-linux-arm64": {
      "version": "1.4.2",
      "resolved": "https://registry.npmjs.org/turbo-linux-arm64/-/turbo-linux-arm64-1.4.2.tgz",
      "integrity": "sha512-V7eBFUOrIvLvjrc81UE8C+NfqBRKADyKrrbKD9hMG5beE/piZZNGoHUwuEgLgsykCSfHjn1sQCidocVztuTMAw==",
      "cpu": [
        "arm64"
      ],
      "dev": true,
      "optional": true,
      "os": [
        "linux"
      ]
    },
    "node_modules/turbo-linux-mips64le": {
      "version": "1.4.2",
      "resolved": "https://registry.npmjs.org/turbo-linux-mips64le/-/turbo-linux-mips64le-1.4.2.tgz",
      "integrity": "sha512-C0JpzpwyvhW5ChWr6S7ulUd8a+1SBLe2mLBepTWaXTh/5+sFDU/AMwPNkhpfV5o0gEtz03UPm7Y4G6dqU3UCAQ==",
      "cpu": [
        "mipsel"
      ],
      "dev": true,
      "optional": true,
      "os": [
        "linux"
      ]
    },
    "node_modules/turbo-linux-ppc64le": {
      "version": "1.4.2",
      "resolved": "https://registry.npmjs.org/turbo-linux-ppc64le/-/turbo-linux-ppc64le-1.4.2.tgz",
      "integrity": "sha512-ipxyQCj3NXq/2V6a4lKoNDt8CjcufICgHAvOhAUmoAxz4kIEKRvA/75xsPpt2Ih/a4fWGxsbWFK6oA+ac0l3jQ==",
      "cpu": [
        "ppc64"
      ],
      "dev": true,
      "optional": true,
      "os": [
        "linux"
      ]
    },
    "node_modules/turbo-windows-32": {
      "version": "1.4.2",
      "resolved": "https://registry.npmjs.org/turbo-windows-32/-/turbo-windows-32-1.4.2.tgz",
      "integrity": "sha512-pCvsh8mPSw6ZFABQqeJzfercnsOwCj1LpbWTPW1QftDij6zw1OWU4jWU529Ub1f+GMBej+xm/ufJhT+8A3NhwA==",
      "cpu": [
        "ia32"
      ],
      "dev": true,
      "optional": true,
      "os": [
        "win32"
      ]
    },
    "node_modules/turbo-windows-64": {
      "version": "1.4.2",
      "resolved": "https://registry.npmjs.org/turbo-windows-64/-/turbo-windows-64-1.4.2.tgz",
      "integrity": "sha512-GnvM8uGOA6idUloDDxiEgUpIx5o5ZJL0ARL7f+6r/vfwA+qlSe/F+4hDCmT3+Xkg7/7zDZix5ViKVoTDMBP/Ig==",
      "cpu": [
        "x64"
      ],
      "dev": true,
      "optional": true,
      "os": [
        "win32"
      ]
    },
    "node_modules/turbo-windows-arm64": {
      "version": "1.4.2",
      "resolved": "https://registry.npmjs.org/turbo-windows-arm64/-/turbo-windows-arm64-1.4.2.tgz",
      "integrity": "sha512-2mCPiDnMLY924+M07mMo464cjOr0EITuIkK67IBm3EeEwSlunOmQk+LRc/Jq/Zx6Zuzp5XPZ2fZVvmmSFfogpQ==",
      "cpu": [
        "arm64"
      ],
      "dev": true,
      "optional": true,
      "os": [
        "win32"
      ]
    },
    "node_modules/typescript": {
      "version": "4.7.4",
      "resolved": "https://registry.npmjs.org/typescript/-/typescript-4.7.4.tgz",
      "integrity": "sha512-C0WQT0gezHuw6AdY1M2jxUO83Rjf0HP7Sk1DtXj6j1EwkQNZrHAg2XPWlq62oqEhYvONq5pkC2Y9oPljWToLmQ==",
      "dev": true,
      "bin": {
        "tsc": "bin/tsc",
        "tsserver": "bin/tsserver"
      },
      "engines": {
        "node": ">=4.2.0"
      }
    },
    "node_modules/wrappy": {
      "version": "1.0.2",
      "resolved": "https://registry.npmjs.org/wrappy/-/wrappy-1.0.2.tgz",
      "integrity": "sha512-l4Sp/DRseor9wL6EvV2+TuQn63dMkPjZ/sp9XkghTEbV9KlPS1xUsZ3u7/IQO4wxtcFB4bgpQPRcR3QCvezPcQ==",
      "dev": true
    },
    "packages/core": {
      "version": "0.0.1",
      "license": "MIT",
      "devDependencies": {}
    }
  },
  "dependencies": {
    "@pdejs/core": {
      "version": "file:packages/core"
    },
    "balanced-match": {
      "version": "1.0.2",
      "resolved": "https://registry.npmjs.org/balanced-match/-/balanced-match-1.0.2.tgz",
      "integrity": "sha512-3oSeUO0TMV67hN1AmbXsK4yaqU7tjiHlbxRDZOpH0KW9+CeX4bRAaX0Anxt0tx2MrpRpWwQaPwIlISEJhYU5Pw==",
      "dev": true
    },
    "brace-expansion": {
      "version": "1.1.11",
      "resolved": "https://registry.npmjs.org/brace-expansion/-/brace-expansion-1.1.11.tgz",
      "integrity": "sha512-iCuPHDFgrHX7H2vEI/5xpz07zSHB00TpugqhmYtVmMO6518mCuRMoOYFldEBl0g187ufozdaHgWKcYFb61qGiA==",
      "dev": true,
      "requires": {
        "balanced-match": "^1.0.0",
        "concat-map": "0.0.1"
      }
    },
    "concat-map": {
      "version": "0.0.1",
      "resolved": "https://registry.npmjs.org/concat-map/-/concat-map-0.0.1.tgz",
      "integrity": "sha512-/Srv4dswyQNBfohGpz9o6Yb3Gz3SrUDqBH5rTuhGR7ahtlbYKnVxw2bCFMRljaA7EXHaXZ8wsHdodFvbkhKmqg==",
      "dev": true
    },
    "fs.realpath": {
      "version": "1.0.0",
      "resolved": "https://registry.npmjs.org/fs.realpath/-/fs.realpath-1.0.0.tgz",
      "integrity": "sha512-OO0pH2lK6a0hZnAdau5ItzHPI6pUlvI7jMVnxUQRtw4owF2wk8lOSabtGDCTP4Ggrg2MbGnWO9X8K1t4+fGMDw==",
      "dev": true
    },
    "glob": {
      "version": "7.2.3",
      "resolved": "https://registry.npmjs.org/glob/-/glob-7.2.3.tgz",
      "integrity": "sha512-nFR0zLpU2YCaRxwoCJvL6UvCH2JFyFVIvwTLsIf21AuHlMskA1hhTdk+LlYJtOlYt9v6dvszD2BGRqBL+iQK9Q==",
      "dev": true,
      "requires": {
        "fs.realpath": "^1.0.0",
        "inflight": "^1.0.4",
        "inherits": "2",
        "minimatch": "^3.1.1",
        "once": "^1.3.0",
        "path-is-absolute": "^1.0.0"
      }
    },
    "inflight": {
      "version": "1.0.6",
      "resolved": "https://registry.npmjs.org/inflight/-/inflight-1.0.6.tgz",
      "integrity": "sha512-k92I/b08q4wvFscXCLvqfsHCrjrF7yiXsQuIVvVE7N82W3+aqpzuUdBbfhWcy/FZR3/4IgflMgKLOsvPDrGCJA==",
      "dev": true,
      "requires": {
        "once": "^1.3.0",
        "wrappy": "1"
      }
    },
    "inherits": {
      "version": "2.0.4",
      "resolved": "https://registry.npmjs.org/inherits/-/inherits-2.0.4.tgz",
      "integrity": "sha512-k/vGaX4/Yla3WzyMCvTQOXYeIHvqOKtnqBduzTHpzpQZzAskKMhZ2K+EnBiSM9zGSoIFeMpXKxa4dYeZIQqewQ==",
      "dev": true
    },
    "minimatch": {
      "version": "3.1.2",
      "resolved": "https://registry.npmjs.org/minimatch/-/minimatch-3.1.2.tgz",
      "integrity": "sha512-J7p63hRiAjw1NDEww1W7i37+ByIrOWO5XQQAzZ3VOcL0PNybwpfmV/N05zFAzwQ9USyEcX6t3UO+K5aqBQOIHw==",
      "dev": true,
      "requires": {
        "brace-expansion": "^1.1.7"
      }
    },
    "once": {
      "version": "1.4.0",
      "resolved": "https://registry.npmjs.org/once/-/once-1.4.0.tgz",
      "integrity": "sha512-lNaJgI+2Q5URQBkccEKHTQOPaXdUxnZZElQTZY0MFUAuaEqe1E+Nyvgdz/aIyNi6Z9MzO5dv1H8n58/GELp3+w==",
      "dev": true,
      "requires": {
        "wrappy": "1"
      }
    },
    "path-is-absolute": {
      "version": "1.0.1",
      "resolved": "https://registry.npmjs.org/path-is-absolute/-/path-is-absolute-1.0.1.tgz",
      "integrity": "sha512-AVbw3UJ2e9bq64vSaS9Am0fje1Pa8pbGqTTsmXfaIiMpnr5DlDhfJOuLj9Sf95ZPVDAUerDfEk88MPmPe7UCQg==",
      "dev": true
    },
    "rimraf": {
      "version": "3.0.2",
      "resolved": "https://registry.npmjs.org/rimraf/-/rimraf-3.0.2.tgz",
      "integrity": "sha512-JZkJMZkAGFFPP2YqXZXPbMlMBgsxzE8ILs4lMIX/2o0L9UBw9O/Y3o6wFw/i9YLapcUJWwqbi3kdxIPdC62TIA==",
      "dev": true,
      "requires": {
        "glob": "^7.1.3"
      }
    },
    "turbo": {
      "version": "1.4.2",
      "resolved": "https://registry.npmjs.org/turbo/-/turbo-1.4.2.tgz",
      "integrity": "sha512-ry1vUs5oHCIM+Sef8HED2XsbL28YAeclCrOtDp9zbZZMUX1r5s01COqOJjFJZfDiv2zSlUge9IIQXprM8BfrtA==",
      "dev": true,
      "requires": {
        "turbo-android-arm64": "1.4.2",
        "turbo-darwin-64": "1.4.2",
        "turbo-darwin-arm64": "1.4.2",
        "turbo-freebsd-64": "1.4.2",
        "turbo-freebsd-arm64": "1.4.2",
        "turbo-linux-32": "1.4.2",
        "turbo-linux-64": "1.4.2",
        "turbo-linux-arm": "1.4.2",
        "turbo-linux-arm64": "1.4.2",
        "turbo-linux-mips64le": "1.4.2",
        "turbo-linux-ppc64le": "1.4.2",
        "turbo-windows-32": "1.4.2",
        "turbo-windows-64": "1.4.2",
        "turbo-windows-arm64": "1.4.2"
      }
    },
    "turbo-android-arm64": {
      "version": "1.4.2",
      "resolved": "https://registry.npmjs.org/turbo-android-arm64/-/turbo-android-arm64-1.4.2.tgz",
      "integrity": "sha512-h6PorJ+muKDQE3wETwrkx3NpqypAxjIFLP3b8RQaAoNvxYa1JTSC71VMtYxMbwuDk58A1KGbXLDteR4by8Lqew==",
      "dev": true,
      "optional": true
    },
    "turbo-darwin-64": {
      "version": "1.4.2",
      "resolved": "https://registry.npmjs.org/turbo-darwin-64/-/turbo-darwin-64-1.4.2.tgz",
      "integrity": "sha512-HrXRwx+5FuKeR4r2ea2mWO5dImzxG7z987t4xZWytEWJ0gEujln1z1cjwotYU1l2pq8slJS8W3q9Qv3JRMrSkQ==",
      "dev": true,
      "optional": true
    },
    "turbo-darwin-arm64": {
      "version": "1.4.2",
      "resolved": "https://registry.npmjs.org/turbo-darwin-arm64/-/turbo-darwin-arm64-1.4.2.tgz",
      "integrity": "sha512-/qkMqq1hdbM/I0gchx08/ZZucgnQVp6gd03tHHYnyG20z8a39f38MbX7+I5aLRpa3pQzBk8RgNx0o7G1T+KvzA==",
      "dev": true,
      "optional": true
    },
    "turbo-freebsd-64": {
      "version": "1.4.2",
      "resolved": "https://registry.npmjs.org/turbo-freebsd-64/-/turbo-freebsd-64-1.4.2.tgz",
      "integrity": "sha512-bZcjR7GxpuE/0qz/aKg4gWDa+6eiuoV0cRnqCJ/rae14/iSmBt0MsMa+lUH5gZUFj581Dj8fQRoBeE+EOau5CA==",
      "dev": true,
      "optional": true
    },
    "turbo-freebsd-arm64": {
      "version": "1.4.2",
      "resolved": "https://registry.npmjs.org/turbo-freebsd-arm64/-/turbo-freebsd-arm64-1.4.2.tgz",
      "integrity": "sha512-dDx++7AELGAHuaMQjzNiKjSPu/xdDelUtRjWOzJWmwXzrgJlwNgQ93p+LYEA7LBWVZ8a32fpBE/VDait0alIJw==",
      "dev": true,
      "optional": true
    },
    "turbo-linux-32": {
      "version": "1.4.2",
      "resolved": "https://registry.npmjs.org/turbo-linux-32/-/turbo-linux-32-1.4.2.tgz",
      "integrity": "sha512-AAxsEYhgv6x4UXwCoiRe+iL2pd+ArsJQDMgJGsJn+Tb09ca6+i1rTgdOTgcCSyvRwbXt0LYzqXN9zp6FwG6VHQ==",
      "dev": true,
      "optional": true
    },
    "turbo-linux-64": {
      "version": "1.4.2",
      "resolved": "https://registry.npmjs.org/turbo-linux-64/-/turbo-linux-64-1.4.2.tgz",
      "integrity": "sha512-t7gGxp1ILmGwzymcf72Lw4Ca916Bi9j2C4xPnJ2CAqxMWQOJKCRvyOuUHC/uy1kFDjR2yszxMb+ZJL6P3nccfA==",
      "dev": true,
      "optional": true
    },
    "turbo-linux-arm": {
      "version": "1.4.2",
      "resolved": "https://registry.npmjs.org/turbo-linux-arm/-/turbo-linux-arm-1.4.2.tgz",
      "integrity": "sha512-6Rri//bX3wPMa8D0sSie05Xuze+6jTUDt4qsKp+JoQVanUKkKmRaVDpyV4WuFfjDbC5iP4ocN20FeaXenMFxTA==",
      "dev": true,
      "optional": true
    },
    "turbo-linux-arm64": {
      "version": "1.4.2",
      "resolved": "https://registry.npmjs.org/turbo-linux-arm64/-/turbo-linux-arm64-1.4.2.tgz",
      "integrity": "sha512-V7eBFUOrIvLvjrc81UE8C+NfqBRKADyKrrbKD9hMG5beE/piZZNGoHUwuEgLgsykCSfHjn1sQCidocVztuTMAw==",
      "dev": true,
      "optional": true
    },
    "turbo-linux-mips64le": {
      "version": "1.4.2",
      "resolved": "https://registry.npmjs.org/turbo-linux-mips64le/-/turbo-linux-mips64le-1.4.2.tgz",
      "integrity": "sha512-C0JpzpwyvhW5ChWr6S7ulUd8a+1SBLe2mLBepTWaXTh/5+sFDU/AMwPNkhpfV5o0gEtz03UPm7Y4G6dqU3UCAQ==",
      "dev": true,
      "optional": true
    },
    "turbo-linux-ppc64le": {
      "version": "1.4.2",
      "resolved": "https://registry.npmjs.org/turbo-linux-ppc64le/-/turbo-linux-ppc64le-1.4.2.tgz",
      "integrity": "sha512-ipxyQCj3NXq/2V6a4lKoNDt8CjcufICgHAvOhAUmoAxz4kIEKRvA/75xsPpt2Ih/a4fWGxsbWFK6oA+ac0l3jQ==",
      "dev": true,
      "optional": true
    },
    "turbo-windows-32": {
      "version": "1.4.2",
      "resolved": "https://registry.npmjs.org/turbo-windows-32/-/turbo-windows-32-1.4.2.tgz",
      "integrity": "sha512-pCvsh8mPSw6ZFABQqeJzfercnsOwCj1LpbWTPW1QftDij6zw1OWU4jWU529Ub1f+GMBej+xm/ufJhT+8A3NhwA==",
      "dev": true,
      "optional": true
    },
    "turbo-windows-64": {
      "version": "1.4.2",
      "resolved": "https://registry.npmjs.org/turbo-windows-64/-/turbo-windows-64-1.4.2.tgz",
      "integrity": "sha512-GnvM8uGOA6idUloDDxiEgUpIx5o5ZJL0ARL7f+6r/vfwA+qlSe/F+4hDCmT3+Xkg7/7zDZix5ViKVoTDMBP/Ig==",
      "dev": true,
      "optional": true
    },
    "turbo-windows-arm64": {
      "version": "1.4.2",
      "resolved": "https://registry.npmjs.org/turbo-windows-arm64/-/turbo-windows-arm64-1.4.2.tgz",
      "integrity": "sha512-2mCPiDnMLY924+M07mMo464cjOr0EITuIkK67IBm3EeEwSlunOmQk+LRc/Jq/Zx6Zuzp5XPZ2fZVvmmSFfogpQ==",
      "dev": true,
      "optional": true
    },
    "typescript": {
      "version": "4.7.4",
      "resolved": "https://registry.npmjs.org/typescript/-/typescript-4.7.4.tgz",
      "integrity": "sha512-C0WQT0gezHuw6AdY1M2jxUO83Rjf0HP7Sk1DtXj6j1EwkQNZrHAg2XPWlq62oqEhYvONq5pkC2Y9oPljWToLmQ==",
      "dev": true
    },
    "wrappy": {
      "version": "1.0.2",
      "resolved": "https://registry.npmjs.org/wrappy/-/wrappy-1.0.2.tgz",
      "integrity": "sha512-l4Sp/DRseor9wL6EvV2+TuQn63dMkPjZ/sp9XkghTEbV9KlPS1xUsZ3u7/IQO4wxtcFB4bgpQPRcR3QCvezPcQ==",
      "dev": true
    }
  }
}
